
Microsoft Visual Studio Solution File, Format Version 12.00
# Visual Studio Version 17
VisualStudioVersion = 17.14.36915.13 d17.14
MinimumVisualStudioVersion = 10.0.40219.1
Project("{888888A0-9F3D-457C-B088-3A5042F75D52}") = "Sentences", "Sentences.pyproj", "{8AC2B16E-9E5C-4A04-876A-B87B718FB3CE}"
EndProject
Global
	GlobalSection(SolutionConfigurationPlatforms) = preSolution
		Debug|Any CPU = Debug|Any CPU
		Release|Any CPU = Release|Any CPU
	EndGlobalSection
	GlobalSection(ProjectConfigurationPlatforms) = postSolution
		{8AC2B16E-9E5C-4A04-876A-B87B718FB3CE}.Debug|Any CPU.ActiveCfg = Debug|Any CPU
		{8AC2B16E-9E5C-4A04-876A-B87B718FB3CE}.Debug|Any CPU.Build.0 = Debug|Any CPU
		{8AC2B16E-9E5C-4A04-876A-B87B718FB3CE}.Release|Any CPU.ActiveCfg = Release|Any CPU
		{8AC2B16E-9E5C-4A04-876A-B87B718FB3CE}.Release|Any CPU.Build.0 = Release|Any CPU
	EndGlobalSection
	GlobalSection(SolutionProperties) = preSolution
		HideSolutionNode = FALSE
	EndGlobalSection
	GlobalSection(ExtensibilityGlobals) = postSolution
		SolutionGuid = {DA1D816E-D495-4437-B49D-FDFBA2B9DD27}
	EndGlobalSection
EndGlobal
